
Microsoft Visual Studio Solution File, Format Version 12.00
# Visual Studio Version 16
VisualStudioVersion = 16.0.33927.289
MinimumVisualStudioVersion = 10.0.40219.1
Project("{2150E333-8FDC-42A3-9474-1A3956D46DE8}") = "Task0", "Task0", "{4298D72C-3D81-4DFE-A20F-00575F5A6AAB}"
EndProject
Project("{FAE04EC0-301F-11D3-BF4B-00C04F79EFBC}") = "Tyuiu.SafronovVV.Sprint4.Task0.V18", "Tyuiu.SafronovVV.Sprint4.Task0.V18\Tyuiu.SafronovVV.Sprint4.Task0.V18.csproj", "{1E9C99D3-D925-4A68-BA88-55B8484C989F}"
EndProject
Project("{FAE04EC0-301F-11D3-BF4B-00C04F79EFBC}") = "Tyuiu.SafronovVV.Sprint4.Task0.V18.Lib", "Tyuiu.SafronovVV.Sprint4.Task0.V18.Lib\Tyuiu.SafronovVV.Sprint4.Task0.V18.Lib.csproj", "{993B8ACA-3797-499D-8A08-3F8E565585AB}"
EndProject
Project("{FAE04EC0-301F-11D3-BF4B-00C04F79EFBC}") = "Tyuiu.SafronovVV.Sprint4.Task0.V18.Test", "Tyuiu.SafronovVV.Sprint4.Task0.V18.Test\Tyuiu.SafronovVV.Sprint4.Task0.V18.Test.csproj", "{E15D1EA0-EDFA-4931-9A84-2E27A95DCA66}"
EndProject
Project("{2150E333-8FDC-42A3-9474-1A3956D46DE8}") = "Task1", "Task1", "{A8890AC1-9175-4FB7-B730-3B8E8BFF0173}"
EndProject
Project("{FAE04EC0-301F-11D3-BF4B-00C04F79EFBC}") = "Tyuiu.SafronovVV.Sprint4.Task1.V9", "Tyuiu.SafronovVV.Sprint4.Task1.V9\Tyuiu.SafronovVV.Sprint4.Task1.V9.csproj", "{3225DDCB-EF46-47FA-922C-F7CEDEB2B018}"
EndProject
Project("{FAE04EC0-301F-11D3-BF4B-00C04F79EFBC}") = "Tyuiu.SafronovVV.Sprint4.Task1.V9.Lib", "Tyuiu.SafronovVV.Sprint4.Task1.V9.Lib\Tyuiu.SafronovVV.Sprint4.Task1.V9.Lib.csproj", "{F1E96C87-F5C5-48F5-B3D1-5D59C1325F82}"
EndProject
Project("{FAE04EC0-301F-11D3-BF4B-00C04F79EFBC}") = "Tyuiu.SafronovVV.Sprint4.Task1.V9.Test", "Tyuiu.SafronovVV.Sprint4.Task1.V9.Test\Tyuiu.SafronovVV.Sprint4.Task1.V9.Test.csproj", "{25E7895E-385B-483C-88B6-BDD478C50A3A}"
EndProject
Global
	GlobalSection(SolutionConfigurationPlatforms) = preSolution
		Debug|Any CPU = Debug|Any CPU
		Release|Any CPU = Release|Any CPU
	EndGlobalSection
	GlobalSection(ProjectConfigurationPlatforms) = postSolution
		{1E9C99D3-D925-4A68-BA88-55B8484C989F}.Debug|Any CPU.ActiveCfg = Debug|Any CPU
		{1E9C99D3-D925-4A68-BA88-55B8484C989F}.Debug|Any CPU.Build.0 = Debug|Any CPU
		{1E9C99D3-D925-4A68-BA88-55B8484C989F}.Release|Any CPU.ActiveCfg = Release|Any CPU
		{1E9C99D3-D925-4A68-BA88-55B8484C989F}.Release|Any CPU.Build.0 = Release|Any CPU
		{993B8ACA-3797-499D-8A08-3F8E565585AB}.Debug|Any CPU.ActiveCfg = Debug|Any CPU
		{993B8ACA-3797-499D-8A08-3F8E565585AB}.Debug|Any CPU.Build.0 = Debug|Any CPU
		{993B8ACA-3797-499D-8A08-3F8E565585AB}.Release|Any CPU.ActiveCfg = Release|Any CPU
		{993B8ACA-3797-499D-8A08-3F8E565585AB}.Release|Any CPU.Build.0 = Release|Any CPU
		{E15D1EA0-EDFA-4931-9A84-2E27A95DCA66}.Debug|Any CPU.ActiveCfg = Debug|Any CPU
		{E15D1EA0-EDFA-4931-9A84-2E27A95DCA66}.Debug|Any CPU.Build.0 = Debug|Any CPU
		{E15D1EA0-EDFA-4931-9A84-2E27A95DCA66}.Release|Any CPU.ActiveCfg = Release|Any CPU
		{E15D1EA0-EDFA-4931-9A84-2E27A95DCA66}.Release|Any CPU.Build.0 = Release|Any CPU
		{3225DDCB-EF46-47FA-922C-F7CEDEB2B018}.Debug|Any CPU.ActiveCfg = Debug|Any CPU
		{3225DDCB-EF46-47FA-922C-F7CEDEB2B018}.Debug|Any CPU.Build.0 = Debug|Any CPU
		{3225DDCB-EF46-47FA-922C-F7CEDEB2B018}.Release|Any CPU.ActiveCfg = Release|Any CPU
		{3225DDCB-EF46-47FA-922C-F7CEDEB2B018}.Release|Any CPU.Build.0 = Release|Any CPU
		{F1E96C87-F5C5-48F5-B3D1-5D59C1325F82}.Debug|Any CPU.ActiveCfg = Debug|Any CPU
		{F1E96C87-F5C5-48F5-B3D1-5D59C1325F82}.Debug|Any CPU.Build.0 = Debug|Any CPU
		{F1E96C87-F5C5-48F5-B3D1-5D59C1325F82}.Release|Any CPU.ActiveCfg = Release|Any CPU
		{F1E96C87-F5C5-48F5-B3D1-5D59C1325F82}.Release|Any CPU.Build.0 = Release|Any CPU
		{25E7895E-385B-483C-88B6-BDD478C50A3A}.Debug|Any CPU.ActiveCfg = Debug|Any CPU
		{25E7895E-385B-483C-88B6-BDD478C50A3A}.Debug|Any CPU.Build.0 = Debug|Any CPU
		{25E7895E-385B-483C-88B6-BDD478C50A3A}.Release|Any CPU.ActiveCfg = Release|Any CPU
		{25E7895E-385B-483C-88B6-BDD478C50A3A}.Release|Any CPU.Build.0 = Release|Any CPU
	EndGlobalSection
	GlobalSection(SolutionProperties) = preSolution
		HideSolutionNode = FALSE
	EndGlobalSection
	GlobalSection(NestedProjects) = preSolution
		{1E9C99D3-D925-4A68-BA88-55B8484C989F} = {4298D72C-3D81-4DFE-A20F-00575F5A6AAB}
		{993B8ACA-3797-499D-8A08-3F8E565585AB} = {4298D72C-3D81-4DFE-A20F-00575F5A6AAB}
		{E15D1EA0-EDFA-4931-9A84-2E27A95DCA66} = {4298D72C-3D81-4DFE-A20F-00575F5A6AAB}
		{3225DDCB-EF46-47FA-922C-F7CEDEB2B018} = {A8890AC1-9175-4FB7-B730-3B8E8BFF0173}
		{F1E96C87-F5C5-48F5-B3D1-5D59C1325F82} = {A8890AC1-9175-4FB7-B730-3B8E8BFF0173}
		{25E7895E-385B-483C-88B6-BDD478C50A3A} = {A8890AC1-9175-4FB7-B730-3B8E8BFF0173}
	EndGlobalSection
	GlobalSection(ExtensibilityGlobals) = postSolution
		SolutionGuid = {309B3A0C-CA22-4243-AC3C-875D42645A80}
	EndGlobalSection
EndGlobal
