
Microsoft Visual Studio Solution File, Format Version 12.00
# Visual Studio Version 16
VisualStudioVersion = 16.0.33927.289
MinimumVisualStudioVersion = 10.0.40219.1
Project("{2150E333-8FDC-42A3-9474-1A3956D46DE8}") = "Task0", "Task0", "{4298D72C-3D81-4DFE-A20F-00575F5A6AAB}"
EndProject
Project("{FAE04EC0-301F-11D3-BF4B-00C04F79EFBC}") = "Tyuiu.SafronovVV.Sprint4.Task0.V18", "Tyuiu.SafronovVV.Sprint4.Task0.V18\Tyuiu.SafronovVV.Sprint4.Task0.V18.csproj", "{1E9C99D3-D925-4A68-BA88-55B8484C989F}"
EndProject
Project("{FAE04EC0-301F-11D3-BF4B-00C04F79EFBC}") = "Tyuiu.SafronovVV.Sprint4.Task0.V18.Lib", "Tyuiu.SafronovVV.Sprint4.Task0.V18.Lib\Tyuiu.SafronovVV.Sprint4.Task0.V18.Lib.csproj", "{993B8ACA-3797-499D-8A08-3F8E565585AB}"
EndProject
Project("{FAE04EC0-301F-11D3-BF4B-00C04F79EFBC}") = "Tyuiu.SafronovVV.Sprint4.Task0.V18.Test", "Tyuiu.SafronovVV.Sprint4.Task0.V18.Test\Tyuiu.SafronovVV.Sprint4.Task0.V18.Test.csproj", "{E15D1EA0-EDFA-4931-9A84-2E27A95DCA66}"
EndProject
Project("{2150E333-8FDC-42A3-9474-1A3956D46DE8}") = "Task1", "Task1", "{A8890AC1-9175-4FB7-B730-3B8E8BFF0173}"
EndProject
Project("{FAE04EC0-301F-11D3-BF4B-00C04F79EFBC}") = "Tyuiu.SafronovVV.Sprint4.Task1.V9", "Tyuiu.SafronovVV.Sprint4.Task1.V9\Tyuiu.SafronovVV.Sprint4.Task1.V9.csproj", "{3225DDCB-EF46-47FA-922C-F7CEDEB2B018}"
EndProject
Project("{FAE04EC0-301F-11D3-BF4B-00C04F79EFBC}") = "Tyuiu.SafronovVV.Sprint4.Task1.V9.Lib", "Tyuiu.SafronovVV.Sprint4.Task1.V9.Lib\Tyuiu.SafronovVV.Sprint4.Task1.V9.Lib.csproj", "{F1E96C87-F5C5-48F5-B3D1-5D59C1325F82}"
EndProject
Project("{FAE04EC0-301F-11D3-BF4B-00C04F79EFBC}") = "Tyuiu.SafronovVV.Sprint4.Task1.V9.Test", "Tyuiu.SafronovVV.Sprint4.Task1.V9.Test\Tyuiu.SafronovVV.Sprint4.Task1.V9.Test.csproj", "{25E7895E-385B-483C-88B6-BDD478C50A3A}"
EndProject
Project("{2150E333-8FDC-42A3-9474-1A3956D46DE8}") = "Task2", "Task2", "{3F6FE5CE-17CF-412A-876B-477811071C9C}"
EndProject
Project("{FAE04EC0-301F-11D3-BF4B-00C04F79EFBC}") = "Tyuiu.SafronovVV.Sprint4.Task2.V15", "Tyuiu.SafronovVV.Sprint4.Task2.V15\Tyuiu.SafronovVV.Sprint4.Task2.V15.csproj", "{C235A4D2-6C78-4CD4-ADF1-78EDB242C0EA}"
EndProject
Project("{FAE04EC0-301F-11D3-BF4B-00C04F79EFBC}") = "Tyuiu.SafronovVV.Sprint4.Task2.V15.Lib", "Tyuiu.SafronovVV.Sprint4.Task2.V15.Lib\Tyuiu.SafronovVV.Sprint4.Task2.V15.Lib.csproj", "{8132E76C-E3BF-487F-A450-FA1E192F37E9}"
EndProject
Project("{FAE04EC0-301F-11D3-BF4B-00C04F79EFBC}") = "Tyuiu.SafronovVV.Sprint4.Task2.V15.Test", "Tyuiu.SafronovVV.Sprint4.Task2.V15.Test\Tyuiu.SafronovVV.Sprint4.Task2.V15.Test.csproj", "{508462D1-7511-4570-A448-15E0E5275C46}"
EndProject
Project("{2150E333-8FDC-42A3-9474-1A3956D46DE8}") = "Task3", "Task3", "{CF025501-BDF9-4784-87D4-2FBA715864A5}"
EndProject
Project("{FAE04EC0-301F-11D3-BF4B-00C04F79EFBC}") = "Tyuiu.SafronovVV.Sprint4.Task3.V17", "Tyuiu.SafronovVV.Sprint4.Task3.V17\Tyuiu.SafronovVV.Sprint4.Task3.V17.csproj", "{2A8F086A-0C5E-4C67-9CD0-407D2BD58A32}"
EndProject
Project("{FAE04EC0-301F-11D3-BF4B-00C04F79EFBC}") = "Tyuiu.SafronovVV.Sprint4.Task3.V17.Lib", "Tyuiu.SafronovVV.Sprint4.Task3.V17.Lib\Tyuiu.SafronovVV.Sprint4.Task3.V17.Lib.csproj", "{2B357946-5B90-4B87-A40B-CABB756123CE}"
EndProject
Project("{FAE04EC0-301F-11D3-BF4B-00C04F79EFBC}") = "Tyuiu.SafronovVV.Sprint4.Task3.V17.Test", "Tyuiu.SafronovVV.Sprint4.Task3.V17.Test\Tyuiu.SafronovVV.Sprint4.Task3.V17.Test.csproj", "{5122AE6A-AFF3-4D28-9E3A-C559F3D0B13C}"
EndProject
Project("{2150E333-8FDC-42A3-9474-1A3956D46DE8}") = "Task4", "Task4", "{10395325-7A60-4A00-BAC9-CB135381CB7C}"
EndProject
Project("{FAE04EC0-301F-11D3-BF4B-00C04F79EFBC}") = "Tyuiu.SafronovVV.Sprint4.Task4.V8", "Tyuiu.SafronovVV.Sprint4.Task4.V8\Tyuiu.SafronovVV.Sprint4.Task4.V8.csproj", "{2E9332B2-60E2-4ACA-9CA1-A600591A1B58}"
EndProject
Project("{FAE04EC0-301F-11D3-BF4B-00C04F79EFBC}") = "Tyuiu.SafronovVV.Sprint4.Task4.V8.Lib", "Tyuiu.SafronovVV.Sprint4.Task4.V8.Lib\Tyuiu.SafronovVV.Sprint4.Task4.V8.Lib.csproj", "{E89D2E16-9FB7-4BC5-A937-DB7C04B8477E}"
EndProject
Project("{FAE04EC0-301F-11D3-BF4B-00C04F79EFBC}") = "Tyuiu.SafronovVV.Sprint4.Task4.V8.Test", "Tyuiu.SafronovVV.Sprint4.Task4.V8.Test\Tyuiu.SafronovVV.Sprint4.Task4.V8.Test.csproj", "{2AC2E34C-AC5B-46BC-8789-2F0ED83E290E}"
EndProject
Project("{2150E333-8FDC-42A3-9474-1A3956D46DE8}") = "Task5", "Task5", "{BC8D1450-975F-451A-A392-0A42B6F1F4C5}"
EndProject
Project("{FAE04EC0-301F-11D3-BF4B-00C04F79EFBC}") = "Tyuiu.SafronovVV.Sprint4.Task5.V14", "Tyuiu.SafronovVV.Sprint4.Task5.V14\Tyuiu.SafronovVV.Sprint4.Task5.V14.csproj", "{3D05E72D-6DAE-4F05-9E75-12593588A0CC}"
EndProject
Project("{FAE04EC0-301F-11D3-BF4B-00C04F79EFBC}") = "Tyuiu.SafronovVV.Sprint4.Task5.V14.Lib", "Tyuiu.SafronovVV.Sprint4.Task5.V14.Lib\Tyuiu.SafronovVV.Sprint4.Task5.V14.Lib.csproj", "{8823EC8C-6617-4E99-90A5-CE4DE52DE075}"
EndProject
Project("{FAE04EC0-301F-11D3-BF4B-00C04F79EFBC}") = "Tyuiu.SafronovVV.Sprint4.Task5.V14.Test", "Tyuiu.SafronovVV.Sprint4.Task5.V14.Test\Tyuiu.SafronovVV.Sprint4.Task5.V14.Test.csproj", "{A7480568-3B3E-4347-93D0-C8BCFDE7AC3F}"
EndProject
Project("{2150E333-8FDC-42A3-9474-1A3956D46DE8}") = "Task6", "Task6", "{9204EA98-3C42-4589-98BE-D67C8BA746AD}"
EndProject
Project("{FAE04EC0-301F-11D3-BF4B-00C04F79EFBC}") = "Tyuiu.SafronovVV.Sprint4.Task6.V17", "Tyuiu.SafronovVV.Sprint4.Task6.V17\Tyuiu.SafronovVV.Sprint4.Task6.V17.csproj", "{8515E280-75B8-47A9-9A53-1A6D62BD0E5F}"
EndProject
Project("{FAE04EC0-301F-11D3-BF4B-00C04F79EFBC}") = "Tyuiu.SafronovVV.Sprint4.Task6.V17.Lib", "Tyuiu.SafronovVV.Sprint4.Task6.V17.Lib\Tyuiu.SafronovVV.Sprint4.Task6.V17.Lib.csproj", "{9CAD655F-437B-4F1B-9C34-D3FB48A4202A}"
EndProject
Project("{FAE04EC0-301F-11D3-BF4B-00C04F79EFBC}") = "Tyuiu.SafronovVV.Sprint4.Task6.V17.Test", "Tyuiu.SafronovVV.Sprint4.Task6.V17.Test\Tyuiu.SafronovVV.Sprint4.Task6.V17.Test.csproj", "{4137CA0B-8718-4702-840D-122D4612830F}"
EndProject
Global
	GlobalSection(SolutionConfigurationPlatforms) = preSolution
		Debug|Any CPU = Debug|Any CPU
		Release|Any CPU = Release|Any CPU
	EndGlobalSection
	GlobalSection(ProjectConfigurationPlatforms) = postSolution
		{1E9C99D3-D925-4A68-BA88-55B8484C989F}.Debug|Any CPU.ActiveCfg = Debug|Any CPU
		{1E9C99D3-D925-4A68-BA88-55B8484C989F}.Debug|Any CPU.Build.0 = Debug|Any CPU
		{1E9C99D3-D925-4A68-BA88-55B8484C989F}.Release|Any CPU.ActiveCfg = Release|Any CPU
		{1E9C99D3-D925-4A68-BA88-55B8484C989F}.Release|Any CPU.Build.0 = Release|Any CPU
		{993B8ACA-3797-499D-8A08-3F8E565585AB}.Debug|Any CPU.ActiveCfg = Debug|Any CPU
		{993B8ACA-3797-499D-8A08-3F8E565585AB}.Debug|Any CPU.Build.0 = Debug|Any CPU
		{993B8ACA-3797-499D-8A08-3F8E565585AB}.Release|Any CPU.ActiveCfg = Release|Any CPU
		{993B8ACA-3797-499D-8A08-3F8E565585AB}.Release|Any CPU.Build.0 = Release|Any CPU
		{E15D1EA0-EDFA-4931-9A84-2E27A95DCA66}.Debug|Any CPU.ActiveCfg = Debug|Any CPU
		{E15D1EA0-EDFA-4931-9A84-2E27A95DCA66}.Debug|Any CPU.Build.0 = Debug|Any CPU
		{E15D1EA0-EDFA-4931-9A84-2E27A95DCA66}.Release|Any CPU.ActiveCfg = Release|Any CPU
		{E15D1EA0-EDFA-4931-9A84-2E27A95DCA66}.Release|Any CPU.Build.0 = Release|Any CPU
		{3225DDCB-EF46-47FA-922C-F7CEDEB2B018}.Debug|Any CPU.ActiveCfg = Debug|Any CPU
		{3225DDCB-EF46-47FA-922C-F7CEDEB2B018}.Debug|Any CPU.Build.0 = Debug|Any CPU
		{3225DDCB-EF46-47FA-922C-F7CEDEB2B018}.Release|Any CPU.ActiveCfg = Release|Any CPU
		{3225DDCB-EF46-47FA-922C-F7CEDEB2B018}.Release|Any CPU.Build.0 = Release|Any CPU
		{F1E96C87-F5C5-48F5-B3D1-5D59C1325F82}.Debug|Any CPU.ActiveCfg = Debug|Any CPU
		{F1E96C87-F5C5-48F5-B3D1-5D59C1325F82}.Debug|Any CPU.Build.0 = Debug|Any CPU
		{F1E96C87-F5C5-48F5-B3D1-5D59C1325F82}.Release|Any CPU.ActiveCfg = Release|Any CPU
		{F1E96C87-F5C5-48F5-B3D1-5D59C1325F82}.Release|Any CPU.Build.0 = Release|Any CPU
		{25E7895E-385B-483C-88B6-BDD478C50A3A}.Debug|Any CPU.ActiveCfg = Debug|Any CPU
		{25E7895E-385B-483C-88B6-BDD478C50A3A}.Debug|Any CPU.Build.0 = Debug|Any CPU
		{25E7895E-385B-483C-88B6-BDD478C50A3A}.Release|Any CPU.ActiveCfg = Release|Any CPU
		{25E7895E-385B-483C-88B6-BDD478C50A3A}.Release|Any CPU.Build.0 = Release|Any CPU
		{C235A4D2-6C78-4CD4-ADF1-78EDB242C0EA}.Debug|Any CPU.ActiveCfg = Debug|Any CPU
		{C235A4D2-6C78-4CD4-ADF1-78EDB242C0EA}.Debug|Any CPU.Build.0 = Debug|Any CPU
		{C235A4D2-6C78-4CD4-ADF1-78EDB242C0EA}.Release|Any CPU.ActiveCfg = Release|Any CPU
		{C235A4D2-6C78-4CD4-ADF1-78EDB242C0EA}.Release|Any CPU.Build.0 = Release|Any CPU
		{8132E76C-E3BF-487F-A450-FA1E192F37E9}.Debug|Any CPU.ActiveCfg = Debug|Any CPU
		{8132E76C-E3BF-487F-A450-FA1E192F37E9}.Debug|Any CPU.Build.0 = Debug|Any CPU
		{8132E76C-E3BF-487F-A450-FA1E192F37E9}.Release|Any CPU.ActiveCfg = Release|Any CPU
		{8132E76C-E3BF-487F-A450-FA1E192F37E9}.Release|Any CPU.Build.0 = Release|Any CPU
		{508462D1-7511-4570-A448-15E0E5275C46}.Debug|Any CPU.ActiveCfg = Debug|Any CPU
		{508462D1-7511-4570-A448-15E0E5275C46}.Debug|Any CPU.Build.0 = Debug|Any CPU
		{508462D1-7511-4570-A448-15E0E5275C46}.Release|Any CPU.ActiveCfg = Release|Any CPU
		{508462D1-7511-4570-A448-15E0E5275C46}.Release|Any CPU.Build.0 = Release|Any CPU
		{2A8F086A-0C5E-4C67-9CD0-407D2BD58A32}.Debug|Any CPU.ActiveCfg = Debug|Any CPU
		{2A8F086A-0C5E-4C67-9CD0-407D2BD58A32}.Debug|Any CPU.Build.0 = Debug|Any CPU
		{2A8F086A-0C5E-4C67-9CD0-407D2BD58A32}.Release|Any CPU.ActiveCfg = Release|Any CPU
		{2A8F086A-0C5E-4C67-9CD0-407D2BD58A32}.Release|Any CPU.Build.0 = Release|Any CPU
		{2B357946-5B90-4B87-A40B-CABB756123CE}.Debug|Any CPU.ActiveCfg = Debug|Any CPU
		{2B357946-5B90-4B87-A40B-CABB756123CE}.Debug|Any CPU.Build.0 = Debug|Any CPU
		{2B357946-5B90-4B87-A40B-CABB756123CE}.Release|Any CPU.ActiveCfg = Release|Any CPU
		{2B357946-5B90-4B87-A40B-CABB756123CE}.Release|Any CPU.Build.0 = Release|Any CPU
		{5122AE6A-AFF3-4D28-9E3A-C559F3D0B13C}.Debug|Any CPU.ActiveCfg = Debug|Any CPU
		{5122AE6A-AFF3-4D28-9E3A-C559F3D0B13C}.Debug|Any CPU.Build.0 = Debug|Any CPU
		{5122AE6A-AFF3-4D28-9E3A-C559F3D0B13C}.Release|Any CPU.ActiveCfg = Release|Any CPU
		{5122AE6A-AFF3-4D28-9E3A-C559F3D0B13C}.Release|Any CPU.Build.0 = Release|Any CPU
		{2E9332B2-60E2-4ACA-9CA1-A600591A1B58}.Debug|Any CPU.ActiveCfg = Debug|Any CPU
		{2E9332B2-60E2-4ACA-9CA1-A600591A1B58}.Debug|Any CPU.Build.0 = Debug|Any CPU
		{2E9332B2-60E2-4ACA-9CA1-A600591A1B58}.Release|Any CPU.ActiveCfg = Release|Any CPU
		{2E9332B2-60E2-4ACA-9CA1-A600591A1B58}.Release|Any CPU.Build.0 = Release|Any CPU
		{E89D2E16-9FB7-4BC5-A937-DB7C04B8477E}.Debug|Any CPU.ActiveCfg = Debug|Any CPU
		{E89D2E16-9FB7-4BC5-A937-DB7C04B8477E}.Debug|Any CPU.Build.0 = Debug|Any CPU
		{E89D2E16-9FB7-4BC5-A937-DB7C04B8477E}.Release|Any CPU.ActiveCfg = Release|Any CPU
		{E89D2E16-9FB7-4BC5-A937-DB7C04B8477E}.Release|Any CPU.Build.0 = Release|Any CPU
		{2AC2E34C-AC5B-46BC-8789-2F0ED83E290E}.Debug|Any CPU.ActiveCfg = Debug|Any CPU
		{2AC2E34C-AC5B-46BC-8789-2F0ED83E290E}.Debug|Any CPU.Build.0 = Debug|Any CPU
		{2AC2E34C-AC5B-46BC-8789-2F0ED83E290E}.Release|Any CPU.ActiveCfg = Release|Any CPU
		{2AC2E34C-AC5B-46BC-8789-2F0ED83E290E}.Release|Any CPU.Build.0 = Release|Any CPU
		{3D05E72D-6DAE-4F05-9E75-12593588A0CC}.Debug|Any CPU.ActiveCfg = Debug|Any CPU
		{3D05E72D-6DAE-4F05-9E75-12593588A0CC}.Debug|Any CPU.Build.0 = Debug|Any CPU
		{3D05E72D-6DAE-4F05-9E75-12593588A0CC}.Release|Any CPU.ActiveCfg = Release|Any CPU
		{3D05E72D-6DAE-4F05-9E75-12593588A0CC}.Release|Any CPU.Build.0 = Release|Any CPU
		{8823EC8C-6617-4E99-90A5-CE4DE52DE075}.Debug|Any CPU.ActiveCfg = Debug|Any CPU
		{8823EC8C-6617-4E99-90A5-CE4DE52DE075}.Debug|Any CPU.Build.0 = Debug|Any CPU
		{8823EC8C-6617-4E99-90A5-CE4DE52DE075}.Release|Any CPU.ActiveCfg = Release|Any CPU
		{8823EC8C-6617-4E99-90A5-CE4DE52DE075}.Release|Any CPU.Build.0 = Release|Any CPU
		{A7480568-3B3E-4347-93D0-C8BCFDE7AC3F}.Debug|Any CPU.ActiveCfg = Debug|Any CPU
		{A7480568-3B3E-4347-93D0-C8BCFDE7AC3F}.Debug|Any CPU.Build.0 = Debug|Any CPU
		{A7480568-3B3E-4347-93D0-C8BCFDE7AC3F}.Release|Any CPU.ActiveCfg = Release|Any CPU
		{A7480568-3B3E-4347-93D0-C8BCFDE7AC3F}.Release|Any CPU.Build.0 = Release|Any CPU
		{8515E280-75B8-47A9-9A53-1A6D62BD0E5F}.Debug|Any CPU.ActiveCfg = Debug|Any CPU
		{8515E280-75B8-47A9-9A53-1A6D62BD0E5F}.Debug|Any CPU.Build.0 = Debug|Any CPU
		{8515E280-75B8-47A9-9A53-1A6D62BD0E5F}.Release|Any CPU.ActiveCfg = Release|Any CPU
		{8515E280-75B8-47A9-9A53-1A6D62BD0E5F}.Release|Any CPU.Build.0 = Release|Any CPU
		{9CAD655F-437B-4F1B-9C34-D3FB48A4202A}.Debug|Any CPU.ActiveCfg = Debug|Any CPU
		{9CAD655F-437B-4F1B-9C34-D3FB48A4202A}.Debug|Any CPU.Build.0 = Debug|Any CPU
		{9CAD655F-437B-4F1B-9C34-D3FB48A4202A}.Release|Any CPU.ActiveCfg = Release|Any CPU
		{9CAD655F-437B-4F1B-9C34-D3FB48A4202A}.Release|Any CPU.Build.0 = Release|Any CPU
		{4137CA0B-8718-4702-840D-122D4612830F}.Debug|Any CPU.ActiveCfg = Debug|Any CPU
		{4137CA0B-8718-4702-840D-122D4612830F}.Debug|Any CPU.Build.0 = Debug|Any CPU
		{4137CA0B-8718-4702-840D-122D4612830F}.Release|Any CPU.ActiveCfg = Release|Any CPU
		{4137CA0B-8718-4702-840D-122D4612830F}.Release|Any CPU.Build.0 = Release|Any CPU
	EndGlobalSection
	GlobalSection(SolutionProperties) = preSolution
		HideSolutionNode = FALSE
	EndGlobalSection
	GlobalSection(NestedProjects) = preSolution
		{1E9C99D3-D925-4A68-BA88-55B8484C989F} = {4298D72C-3D81-4DFE-A20F-00575F5A6AAB}
		{993B8ACA-3797-499D-8A08-3F8E565585AB} = {4298D72C-3D81-4DFE-A20F-00575F5A6AAB}
		{E15D1EA0-EDFA-4931-9A84-2E27A95DCA66} = {4298D72C-3D81-4DFE-A20F-00575F5A6AAB}
		{3225DDCB-EF46-47FA-922C-F7CEDEB2B018} = {A8890AC1-9175-4FB7-B730-3B8E8BFF0173}
		{F1E96C87-F5C5-48F5-B3D1-5D59C1325F82} = {A8890AC1-9175-4FB7-B730-3B8E8BFF0173}
		{25E7895E-385B-483C-88B6-BDD478C50A3A} = {A8890AC1-9175-4FB7-B730-3B8E8BFF0173}
		{C235A4D2-6C78-4CD4-ADF1-78EDB242C0EA} = {3F6FE5CE-17CF-412A-876B-477811071C9C}
		{8132E76C-E3BF-487F-A450-FA1E192F37E9} = {3F6FE5CE-17CF-412A-876B-477811071C9C}
		{508462D1-7511-4570-A448-15E0E5275C46} = {3F6FE5CE-17CF-412A-876B-477811071C9C}
		{2A8F086A-0C5E-4C67-9CD0-407D2BD58A32} = {CF025501-BDF9-4784-87D4-2FBA715864A5}
		{2B357946-5B90-4B87-A40B-CABB756123CE} = {CF025501-BDF9-4784-87D4-2FBA715864A5}
		{5122AE6A-AFF3-4D28-9E3A-C559F3D0B13C} = {CF025501-BDF9-4784-87D4-2FBA715864A5}
		{2E9332B2-60E2-4ACA-9CA1-A600591A1B58} = {10395325-7A60-4A00-BAC9-CB135381CB7C}
		{E89D2E16-9FB7-4BC5-A937-DB7C04B8477E} = {10395325-7A60-4A00-BAC9-CB135381CB7C}
		{2AC2E34C-AC5B-46BC-8789-2F0ED83E290E} = {10395325-7A60-4A00-BAC9-CB135381CB7C}
		{3D05E72D-6DAE-4F05-9E75-12593588A0CC} = {BC8D1450-975F-451A-A392-0A42B6F1F4C5}
		{8823EC8C-6617-4E99-90A5-CE4DE52DE075} = {BC8D1450-975F-451A-A392-0A42B6F1F4C5}
		{A7480568-3B3E-4347-93D0-C8BCFDE7AC3F} = {BC8D1450-975F-451A-A392-0A42B6F1F4C5}
		{8515E280-75B8-47A9-9A53-1A6D62BD0E5F} = {9204EA98-3C42-4589-98BE-D67C8BA746AD}
		{9CAD655F-437B-4F1B-9C34-D3FB48A4202A} = {9204EA98-3C42-4589-98BE-D67C8BA746AD}
		{4137CA0B-8718-4702-840D-122D4612830F} = {9204EA98-3C42-4589-98BE-D67C8BA746AD}
	EndGlobalSection
	GlobalSection(ExtensibilityGlobals) = postSolution
		SolutionGuid = {309B3A0C-CA22-4243-AC3C-875D42645A80}
	EndGlobalSection
EndGlobal
